
Microsoft Visual Studio Solution File, Format Version 12.00
# Visual Studio Version 17
VisualStudioVersion = 17.9.34728.123
MinimumVisualStudioVersion = 10.0.40219.1
Project("{9A19103F-16F7-4668-BE54-9A1E7A4F7556}") = "Client", "Client\Client.csproj", "{AD7BDA7D-8FBC-47D2-800B-D9D6A63999A4}"
EndProject
Global
	GlobalSection(SolutionConfigurationPlatforms) = preSolution
		Debug|Any CPU = Debug|Any CPU
		Release|Any CPU = Release|Any CPU
	EndGlobalSection
	GlobalSection(ProjectConfigurationPlatforms) = postSolution
		{AD7BDA7D-8FBC-47D2-800B-D9D6A63999A4}.Debug|Any CPU.ActiveCfg = Debug|Any CPU
		{AD7BDA7D-8FBC-47D2-800B-D9D6A63999A4}.Debug|Any CPU.Build.0 = Debug|Any CPU
		{AD7BDA7D-8FBC-47D2-800B-D9D6A63999A4}.Debug|Any CPU.Deploy.0 = Debug|Any CPU
		{AD7BDA7D-8FBC-47D2-800B-D9D6A63999A4}.Release|Any CPU.ActiveCfg = Release|Any CPU
		{AD7BDA7D-8FBC-47D2-800B-D9D6A63999A4}.Release|Any CPU.Build.0 = Release|Any CPU
		{AD7BDA7D-8FBC-47D2-800B-D9D6A63999A4}.Release|Any CPU.Deploy.0 = Release|Any CPU
	EndGlobalSection
	GlobalSection(SolutionProperties) = preSolution
		HideSolutionNode = FALSE
	EndGlobalSection
	GlobalSection(ExtensibilityGlobals) = postSolution
		SolutionGuid = {0614DF2D-F063-4FBC-BE28-F245598F5122}
	EndGlobalSection
EndGlobal
